
Microsoft Visual Studio Solution File, Format Version 12.00
# Visual Studio Version 17
VisualStudioVersion = 17.4.32804.182
MinimumVisualStudioVersion = 10.0.40219.1
Project("{9A19103F-16F7-4668-BE54-9A1E7A4F7556}") = "Graph", "Graph\Graph.csproj", "{6F086F59-3E40-4E86-9606-5B50181F3CD6}"
EndProject
Global
	GlobalSection(SolutionConfigurationPlatforms) = preSolution
		Debug|Any CPU = Debug|Any CPU
		Release|Any CPU = Release|Any CPU
	EndGlobalSection
	GlobalSection(ProjectConfigurationPlatforms) = postSolution
		{6F086F59-3E40-4E86-9606-5B50181F3CD6}.Debug|Any CPU.ActiveCfg = Debug|Any CPU
		{6F086F59-3E40-4E86-9606-5B50181F3CD6}.Debug|Any CPU.Build.0 = Debug|Any CPU
		{6F086F59-3E40-4E86-9606-5B50181F3CD6}.Release|Any CPU.ActiveCfg = Release|Any CPU
		{6F086F59-3E40-4E86-9606-5B50181F3CD6}.Release|Any CPU.Build.0 = Release|Any CPU
	EndGlobalSection
	GlobalSection(SolutionProperties) = preSolution
		HideSolutionNode = FALSE
	EndGlobalSection
	GlobalSection(ExtensibilityGlobals) = postSolution
		SolutionGuid = {04951E05-C8F0-4CFB-B5B9-DF8B87B669A0}
	EndGlobalSection
EndGlobal
